
Microsoft Visual Studio Solution File, Format Version 12.00
# Visual Studio 15
VisualStudioVersion = 15.0.26730.12
MinimumVisualStudioVersion = 10.0.40219.1
Project("{9A19103F-16F7-4668-BE54-9A1E7A4F7556}") = "EntityMapping", "EntityMapping\EntityMapping.csproj", "{98C669BA-E314-4164-8E84-122C5402060E}"
EndProject
Project("{9A19103F-16F7-4668-BE54-9A1E7A4F7556}") = "XUnitTestProject1", "XUnitTestProject1\XUnitTestProject1.csproj", "{05C3BE55-EA58-4FBA-82D1-A8BDF6FFE531}"
EndProject
Project("{9A19103F-16F7-4668-BE54-9A1E7A4F7556}") = "WebService", "WebService\WebService.csproj", "{3A19480D-9D0B-4417-B194-F10E77A6C64C}"
EndProject
Project("{FAE04EC0-301F-11D3-BF4B-00C04F79EFBC}") = "TestWebService", "TestWebService\TestWebService.csproj", "{E05010CF-2851-412C-9E0B-70E65804EC84}"
EndProject
Global
	GlobalSection(SolutionConfigurationPlatforms) = preSolution
		Debug|Any CPU = Debug|Any CPU
		Release|Any CPU = Release|Any CPU
	EndGlobalSection
	GlobalSection(ProjectConfigurationPlatforms) = postSolution
		{98C669BA-E314-4164-8E84-122C5402060E}.Debug|Any CPU.ActiveCfg = Debug|Any CPU
		{98C669BA-E314-4164-8E84-122C5402060E}.Debug|Any CPU.Build.0 = Debug|Any CPU
		{98C669BA-E314-4164-8E84-122C5402060E}.Release|Any CPU.ActiveCfg = Release|Any CPU
		{98C669BA-E314-4164-8E84-122C5402060E}.Release|Any CPU.Build.0 = Release|Any CPU
		{05C3BE55-EA58-4FBA-82D1-A8BDF6FFE531}.Debug|Any CPU.ActiveCfg = Debug|Any CPU
		{05C3BE55-EA58-4FBA-82D1-A8BDF6FFE531}.Debug|Any CPU.Build.0 = Debug|Any CPU
		{05C3BE55-EA58-4FBA-82D1-A8BDF6FFE531}.Release|Any CPU.ActiveCfg = Release|Any CPU
		{05C3BE55-EA58-4FBA-82D1-A8BDF6FFE531}.Release|Any CPU.Build.0 = Release|Any CPU
		{3A19480D-9D0B-4417-B194-F10E77A6C64C}.Debug|Any CPU.ActiveCfg = Debug|Any CPU
		{3A19480D-9D0B-4417-B194-F10E77A6C64C}.Debug|Any CPU.Build.0 = Debug|Any CPU
		{3A19480D-9D0B-4417-B194-F10E77A6C64C}.Release|Any CPU.ActiveCfg = Release|Any CPU
		{3A19480D-9D0B-4417-B194-F10E77A6C64C}.Release|Any CPU.Build.0 = Release|Any CPU
		{E05010CF-2851-412C-9E0B-70E65804EC84}.Debug|Any CPU.ActiveCfg = Debug|Any CPU
		{E05010CF-2851-412C-9E0B-70E65804EC84}.Debug|Any CPU.Build.0 = Debug|Any CPU
		{E05010CF-2851-412C-9E0B-70E65804EC84}.Release|Any CPU.ActiveCfg = Release|Any CPU
		{E05010CF-2851-412C-9E0B-70E65804EC84}.Release|Any CPU.Build.0 = Release|Any CPU
	EndGlobalSection
	GlobalSection(SolutionProperties) = preSolution
		HideSolutionNode = FALSE
	EndGlobalSection
	GlobalSection(ExtensibilityGlobals) = postSolution
		SolutionGuid = {AFE4079A-FD8D-4263-8731-08CB8AF85818}
	EndGlobalSection
EndGlobal
